PODS:
  - Capacitor (1.1.1):
    - CapacitorCordova (= 1.1.1)
  - CapacitorCordova (1.1.1)
  - CapacitorDataStorageSqlite (1.1.1):
    - Capacitor
    - SQLite.swift
  - SQLite.swift (0.12.2):
    - SQLite.swift/standard (= 0.12.2)
  - SQLite.swift/standard (0.12.2)

DEPENDENCIES:
  - "Capacitor (from `../../node_modules/@capacitor/ios`)"
  - "CapacitorCordova (from `../../node_modules/@capacitor/ios`)"
  - CapacitorDataStorageSqlite (from `../../node_modules/capacitor-data-storage-sqlite`)

SPEC REPOS:
  https://github.com/cocoapods/specs.git:
    - SQLite.swift

EXTERNAL SOURCES:
  Capacitor:
    :path: "../../node_modules/@capacitor/ios"
  CapacitorCordova:
    :path: "../../node_modules/@capacitor/ios"
  CapacitorDataStorageSqlite:
    :path: "../../node_modules/capacitor-data-storage-sqlite"

SPEC CHECKSUMS:
  Capacitor: f245413edff86ebf3d18bf76cadaee4be58b4a04
  CapacitorCordova: 25811fd90c0ea23ea135a42a217d1918873fa566
  CapacitorDataStorageSqlite: 2f43619a49d67346006f7850227e193c4113c11d
  SQLite.swift: d2b4642190917051ce6bd1d49aab565fe794eea3

PODFILE CHECKSUM: 1debc503171eabe60ebc8a5e8102b9b760845a75

COCOAPODS: 1.7.2
