PODS:
  - Capacitor (1.0.0):
    - CapacitorCordova (= 1.0.0)
  - CapacitorCordova (1.0.0)
  - CapacitorDataStorageSqlite (1.0.0-beta.0):
    - Capacitor
    - SQLite.swift
  - SQLite.swift (0.12.0):
    - SQLite.swift/standard (= 0.12.0)
  - SQLite.swift/standard (0.12.0)

DEPENDENCIES:
  - "Capacitor (from `../../node_modules/@capacitor/ios`)"
  - "CapacitorCordova (from `../../node_modules/@capacitor/ios`)"
  - CapacitorDataStorageSqlite (from `../../node_modules/capacitor-data-storage-sqlite`)

SPEC REPOS:
  https://github.com/cocoapods/specs.git:
    - SQLite.swift

EXTERNAL SOURCES:
  Capacitor:
    :path: "../../node_modules/@capacitor/ios"
  CapacitorCordova:
    :path: "../../node_modules/@capacitor/ios"
  CapacitorDataStorageSqlite:
    :path: "../../node_modules/capacitor-data-storage-sqlite"

SPEC CHECKSUMS:
  Capacitor: 293041cf11f6dd1dffc80b5d5d557293863d4a08
  CapacitorCordova: dd5a5a6ca827445b1f97ed0bb9ca4dbf424802c3
  CapacitorDataStorageSqlite: 2795c93e7c85115650810cf393b5d7ad7aa1f620
  SQLite.swift: 7cad9db150a03716336e69469ec9559c85aece5b

PODFILE CHECKSUM: 1debc503171eabe60ebc8a5e8102b9b760845a75

COCOAPODS: 1.7.2
